// !$*UTF8*$!
{
	archiveVersion = 1;
	classes = {
	};
	objectVersion = 77;
	objects = {

/* Begin PBXContainerItemProxy section */
		F12AAD1E2C70CE6B004027B8 /* PBXContainerItemProxy */ = {
			isa = PBXContainerItemProxy;
			containerPortal = F12AAD002C70CE68004027B8 /* Project object */;
			proxyType = 1;
			remoteGlobalIDString = F12AAD072C70CE68004027B8;
			remoteInfo = Gatinhos;
		};
		F12AAD282C70CE6B004027B8 /* PBXContainerItemProxy */ = {
			isa = PBXContainerItemProxy;
			containerPortal = F12AAD002C70CE68004027B8 /* Project object */;
			proxyType = 1;
			remoteGlobalIDString = F12AAD072C70CE68004027B8;
			remoteInfo = Gatinhos;
		};
/* End PBXContainerItemProxy section */

/* Begin PBXFileReference section */
		F12AAD082C70CE68004027B8 /* Gatinhos.app */ = {isa = PBXFileReference; explicitFileType = wrapper.application; includeInIndex = 0; path = Gatinhos.app; sourceTree = BUILT_PRODUCTS_DIR; };
		F12AAD1D2C70CE6B004027B8 /* GatinhosTests.xctest */ = {isa = PBXFileReference; explicitFileType = wrapper.cfbundle; includeInIndex = 0; path = GatinhosTests.xctest; sourceTree = BUILT_PRODUCTS_DIR; };
		F12AAD272C70CE6B004027B8 /* GatinhosUITests.xctest */ = {isa = PBXFileReference; explicitFileType = wrapper.cfbundle; includeInIndex = 0; path = GatinhosUITests.xctest; sourceTree = BUILT_PRODUCTS_DIR; };
/* End PBXFileReference section */

/* Begin PBXFileSystemSynchronizedRootGroup section */
		F12AAD0A2C70CE68004027B8 /* Gatinhos */ = {
			isa = PBXFileSystemSynchronizedRootGroup;
			path = Gatinhos;
			sourceTree = "<group>";
		};
		F12AAD202C70CE6B004027B8 /* GatinhosTests */ = {
			isa = PBXFileSystemSynchronizedRootGroup;
			path = GatinhosTests;
			sourceTree = "<group>";
		};
		F12AAD2A2C70CE6B004027B8 /* GatinhosUITests */ = {
			isa = PBXFileSystemSynchronizedRootGroup;
			path = GatinhosUITests;
			sourceTree = "<group>";
		};
/* End PBXFileSystemSynchronizedRootGroup section */

/* Begin PBXFrameworksBuildPhase section */
		F12AAD052C70CE68004027B8 /* Frameworks */ = {
			isa = PBXFrameworksBuildPhase;
			buildActionMask = 2147483647;
			files = (
			);
			runOnlyForDeploymentPostprocessing = 0;
		};
		F12AAD1A2C70CE6B004027B8 /* Frameworks */ = {
			isa = PBXFrameworksBuildPhase;
			buildActionMask = 2147483647;
			files = (
			);
			runOnlyForDeploymentPostprocessing = 0;
		};
		F12AAD242C70CE6B004027B8 /* Frameworks */ = {
			isa = PBXFrameworksBuildPhase;
			buildActionMask = 2147483647;
			files = (
			);
			runOnlyForDeploymentPostprocessing = 0;
		};
/* End PBXFrameworksBuildPhase section */

/* Begin PBXGroup section */
		F12AACFF2C70CE68004027B8 = {
			isa = PBXGroup;
			children = (
				F12AAD0A2C70CE68004027B8 /* Gatinhos */,
				F12AAD202C70CE6B004027B8 /* GatinhosTests */,
				F12AAD2A2C70CE6B004027B8 /* GatinhosUITests */,
				F12AAD092C70CE68004027B8 /* Products */,
			);
			sourceTree = "<group>";
		};
		F12AAD092C70CE68004027B8 /* Products */ = {
			isa = PBXGroup;
			children = (
				F12AAD082C70CE68004027B8 /* Gatinhos.app */,
				F12AAD1D2C70CE6B004027B8 /* GatinhosTests.xctest */,
				F12AAD272C70CE6B004027B8 /* GatinhosUITests.xctest */,
			);
			name = Products;
			sourceTree = "<group>";
		};
/* End PBXGroup section */

/* Begin PBXNativeTarget section */
		F12AAD072C70CE68004027B8 /* Gatinhos */ = {
			isa = PBXNativeTarget;
			buildConfigurationList = F12AAD312C70CE6B004027B8 /* Build configuration list for PBXNativeTarget "Gatinhos" */;
			buildPhases = (
				F12AAD042C70CE68004027B8 /* Sources */,
				F12AAD052C70CE68004027B8 /* Frameworks */,
				F12AAD062C70CE68004027B8 /* Resources */,
			);
			buildRules = (
			);
			dependencies = (
			);
			fileSystemSynchronizedGroups = (
				F12AAD0A2C70CE68004027B8 /* Gatinhos */,
			);
			name = Gatinhos;
			packageProductDependencies = (
			);
			productName = Gatinhos;
			productReference = F12AAD082C70CE68004027B8 /* Gatinhos.app */;
			productType = "com.apple.product-type.application";
		};
		F12AAD1C2C70CE6B004027B8 /* GatinhosTests */ = {
			isa = PBXNativeTarget;
			buildConfigurationList = F12AAD342C70CE6B004027B8 /* Build configuration list for PBXNativeTarget "GatinhosTests" */;
			buildPhases = (
				F12AAD192C70CE6B004027B8 /* Sources */,
				F12AAD1A2C70CE6B004027B8 /* Frameworks */,
				F12AAD1B2C70CE6B004027B8 /* Resources */,
			);
			buildRules = (
			);
			dependencies = (
				F12AAD1F2C70CE6B004027B8 /* PBXTargetDependency */,
			);
			fileSystemSynchronizedGroups = (
				F12AAD202C70CE6B004027B8 /* GatinhosTests */,
			);
			name = GatinhosTests;
			packageProductDependencies = (
			);
			productName = GatinhosTests;
			productReference = F12AAD1D2C70CE6B004027B8 /* GatinhosTests.xctest */;
			productType = "com.apple.product-type.bundle.unit-test";
		};
		F12AAD262C70CE6B004027B8 /* GatinhosUITests */ = {
			isa = PBXNativeTarget;
			buildConfigurationList = F12AAD372C70CE6B004027B8 /* Build configuration list for PBXNativeTarget "GatinhosUITests" */;
			buildPhases = (
				F12AAD232C70CE6B004027B8 /* Sources */,
				F12AAD242C70CE6B004027B8 /* Frameworks */,
				F12AAD252C70CE6B004027B8 /* Resources */,
			);
			buildRules = (
			);
			dependencies = (
				F12AAD292C70CE6B004027B8 /* PBXTargetDependency */,
			);
			fileSystemSynchronizedGroups = (
				F12AAD2A2C70CE6B004027B8 /* GatinhosUITests */,
			);
			name = GatinhosUITests;
			packageProductDependencies = (
			);
			productName = GatinhosUITests;
			productReference = F12AAD272C70CE6B004027B8 /* GatinhosUITests.xctest */;
			productType = "com.apple.product-type.bundle.ui-testing";
		};
/* End PBXNativeTarget section */

/* Begin PBXProject section */
		F12AAD002C70CE68004027B8 /* Project object */ = {
			isa = PBXProject;
			attributes = {
				BuildIndependentTargetsInParallel = 1;
				LastSwiftUpdateCheck = 1600;
				LastUpgradeCheck = 1600;
				TargetAttributes = {
					F12AAD072C70CE68004027B8 = {
						CreatedOnToolsVersion = 16.0;
					};
					F12AAD1C2C70CE6B004027B8 = {
						CreatedOnToolsVersion = 16.0;
						TestTargetID = F12AAD072C70CE68004027B8;
					};
					F12AAD262C70CE6B004027B8 = {
						CreatedOnToolsVersion = 16.0;
						TestTargetID = F12AAD072C70CE68004027B8;
					};
				};
			};
			buildConfigurationList = F12AAD032C70CE68004027B8 /* Build configuration list for PBXProject "Gatinhos" */;
			developmentRegion = en;
			hasScannedForEncodings = 0;
			knownRegions = (
				en,
				Base,
			);
			mainGroup = F12AACFF2C70CE68004027B8;
			minimizedProjectReferenceProxies = 1;
			preferredProjectObjectVersion = 77;
			productRefGroup = F12AAD092C70CE68004027B8 /* Products */;
			projectDirPath = "";
			projectRoot = "";
			targets = (
				F12AAD072C70CE68004027B8 /* Gatinhos */,
				F12AAD1C2C70CE6B004027B8 /* GatinhosTests */,
				F12AAD262C70CE6B004027B8 /* GatinhosUITests */,
			);
		};
/* End PBXProject section */

/* Begin PBXResourcesBuildPhase section */
		F12AAD062C70CE68004027B8 /* Resources */ = {
			isa = PBXResourcesBuildPhase;
			buildActionMask = 2147483647;
			files = (
			);
			runOnlyForDeploymentPostprocessing = 0;
		};
		F12AAD1B2C70CE6B004027B8 /* Resources */ = {
			isa = PBXResourcesBuildPhase;
			buildActionMask = 2147483647;
			files = (
			);
			runOnlyForDeploymentPostprocessing = 0;
		};
		F12AAD252C70CE6B004027B8 /* Resources */ = {
			isa = PBXResourcesBuildPhase;
			buildActionMask = 2147483647;
			files = (
			);
			runOnlyForDeploymentPostprocessing = 0;
		};
/* End PBXResourcesBuildPhase section */

/* Begin PBXSourcesBuildPhase section */
		F12AAD042C70CE68004027B8 /* Sources */ = {
			isa = PBXSourcesBuildPhase;
			buildActionMask = 2147483647;
			files = (
			);
			runOnlyForDeploymentPostprocessing = 0;
		};
		F12AAD192C70CE6B004027B8 /* Sources */ = {
			isa = PBXSourcesBuildPhase;
			buildActionMask = 2147483647;
			files = (
			);
			runOnlyForDeploymentPostprocessing = 0;
		};
		F12AAD232C70CE6B004027B8 /* Sources */ = {
			isa = PBXSourcesBuildPhase;
			buildActionMask = 2147483647;
			files = (
			);
			runOnlyForDeploymentPostprocessing = 0;
		};
/* End PBXSourcesBuildPhase section */

/* Begin PBXTargetDependency section */
		F12AAD1F2C70CE6B004027B8 /* PBXTargetDependency */ = {
			isa = PBXTargetDependency;
			target = F12AAD072C70CE68004027B8 /* Gatinhos */;
			targetProxy = F12AAD1E2C70CE6B004027B8 /* PBXContainerItemProxy */;
		};
		F12AAD292C70CE6B004027B8 /* PBXTargetDependency */ = {
			isa = PBXTargetDependency;
			target = F12AAD072C70CE68004027B8 /* Gatinhos */;
			targetProxy = F12AAD282C70CE6B004027B8 /* PBXContainerItemProxy */;
		};
/* End PBXTargetDependency section */

/* Begin XCBuildConfiguration section */
		F12AAD2F2C70CE6B004027B8 /* Debug */ = {
			isa = XCBuildConfiguration;
			buildSettings = {
				ALWAYS_SEARCH_USER_PATHS = NO;
				ASSETCATALOG_COMPILER_GENERATE_SWIFT_ASSET_SYMBOL_EXTENSIONS = YES;
				CLANG_ANALYZER_NONNULL = YES;
				CLANG_ANALYZER_NUMBER_OBJECT_CONVERSION = YES_AGGRESSIVE;
				CLANG_CXX_LANGUAGE_STANDARD = "gnu++20";
				CLANG_ENABLE_MODULES = YES;
				CLANG_ENABLE_OBJC_ARC = YES;
				CLANG_ENABLE_OBJC_WEAK = YES;
				CLANG_WARN_BLOCK_CAPTURE_AUTORELEASING = YES;
				CLANG_WARN_BOOL_CONVERSION = YES;
				CLANG_WARN_COMMA = YES;
				CLANG_WARN_CONSTANT_CONVERSION = YES;
				CLANG_WARN_DEPRECATED_OBJC_IMPLEMENTATIONS = YES;
				CLANG_WARN_DIRECT_OBJC_ISA_USAGE = YES_ERROR;
				CLANG_WARN_DOCUMENTATION_COMMENTS = YES;
				CLANG_WARN_EMPTY_BODY = YES;
				CLANG_WARN_ENUM_CONVERSION = YES;
				CLANG_WARN_INFINITE_RECURSION = YES;
				CLANG_WARN_INT_CONVERSION = YES;
				CLANG_WARN_NON_LITERAL_NULL_CONVERSION = YES;
				CLANG_WARN_OBJC_IMPLICIT_RETAIN_SELF = YES;
				CLANG_WARN_OBJC_LITERAL_CONVERSION = YES;
				CLANG_WARN_OBJC_ROOT_CLASS = YES_ERROR;
				CLANG_WARN_QUOTED_INCLUDE_IN_FRAMEWORK_HEADER = YES;
				CLANG_WARN_RANGE_LOOP_ANALYSIS = YES;
				CLANG_WARN_STRICT_PROTOTYPES = YES;
				CLANG_WARN_SUSPICIOUS_MOVE = YES;
				CLANG_WARN_UNGUARDED_AVAILABILITY = YES_AGGRESSIVE;
				CLANG_WARN_UNREACHABLE_CODE = YES;
				CLANG_WARN__DUPLICATE_METHOD_MATCH = YES;
				COPY_PHASE_STRIP = NO;
				DEBUG_INFORMATION_FORMAT = dwarf;
				ENABLE_STRICT_OBJC_MSGSEND = YES;
				ENABLE_TESTABILITY = YES;
				ENABLE_USER_SCRIPT_SANDBOXING = YES;
				GCC_C_LANGUAGE_STANDARD = gnu17;
				GCC_DYNAMIC_NO_PIC = NO;
				GCC_NO_COMMON_BLOCKS = YES;
				GCC_OPTIMIZATION_LEVEL = 0;
				GCC_PREPROCESSOR_DEFINITIONS = (
					"DEBUG=1",
					"$(inherited)",
				);
				GCC_WARN_64_TO_32_BIT_CONVERSION = YES;
				GCC_WARN_ABOUT_RETURN_TYPE = YES_ERROR;
				GCC_WARN_UNDECLARED_SELECTOR = YES;
				GCC_WARN_UNINITIALIZED_AUTOS = YES_AGGRESSIVE;
				GCC_WARN_UNUSED_FUNCTION = YES;
				GCC_WARN_UNUSED_VARIABLE = YES;
				IPHONEOS_DEPLOYMENT_TARGET = 18.0;
				LOCALIZATION_PREFERS_STRING_CATALOGS = YES;
				MTL_ENABLE_DEBUG_INFO = INCLUDE_SOURCE;
				MTL_FAST_MATH = YES;
				ONLY_ACTIVE_ARCH = YES;
				SDKROOT = iphoneos;
				SWIFT_ACTIVE_COMPILATION_CONDITIONS = "DEBUG $(inherited)";
				SWIFT_OPTIMIZATION_LEVEL = "-Onone";
			};
			name = Debug;
		};
		F12AAD302C70CE6B004027B8 /* Release */ = {
			isa = XCBuildConfiguration;
			buildSettings = {
				ALWAYS_SEARCH_USER_PATHS = NO;
				ASSETCATALOG_COMPILER_GENERATE_SWIFT_ASSET_SYMBOL_EXTENSIONS = YES;
				CLANG_ANALYZER_NONNULL = YES;
				CLANG_ANALYZER_NUMBER_OBJECT_CONVERSION = YES_AGGRESSIVE;
				CLANG_CXX_LANGUAGE_STANDARD = "gnu++20";
				CLANG_ENABLE_MODULES = YES;
				CLANG_ENABLE_OBJC_ARC = YES;
				CLANG_ENABLE_OBJC_WEAK = YES;
				CLANG_WARN_BLOCK_CAPTURE_AUTORELEASING = YES;
				CLANG_WARN_BOOL_CONVERSION = YES;
				CLANG_WARN_COMMA = YES;
				CLANG_WARN_CONSTANT_CONVERSION = YES;
				CLANG_WARN_DEPRECATED_OBJC_IMPLEMENTATIONS = YES;
				CLANG_WARN_DIRECT_OBJC_ISA_USAGE = YES_ERROR;
				CLANG_WARN_DOCUMENTATION_COMMENTS = YES;
				CLANG_WARN_EMPTY_BODY = YES;
				CLANG_WARN_ENUM_CONVERSION = YES;
				CLANG_WARN_INFINITE_RECURSION = YES;
				CLANG_WARN_INT_CONVERSION = YES;
				CLANG_WARN_NON_LITERAL_NULL_CONVERSION = YES;
				CLANG_WARN_OBJC_IMPLICIT_RETAIN_SELF = YES;
				CLANG_WARN_OBJC_LITERAL_CONVERSION = YES;
				CLANG_WARN_OBJC_ROOT_CLASS = YES_ERROR;
				CLANG_WARN_QUOTED_INCLUDE_IN_FRAMEWORK_HEADER = YES;
				CLANG_WARN_RANGE_LOOP_ANALYSIS = YES;
				CLANG_WARN_STRICT_PROTOTYPES = YES;
				CLANG_WARN_SUSPICIOUS_MOVE = YES;
				CLANG_WARN_UNGUARDED_AVAILABILITY = YES_AGGRESSIVE;
				CLANG_WARN_UNREACHABLE_CODE = YES;
				CLANG_WARN__DUPLICATE_METHOD_MATCH = YES;
				COPY_PHASE_STRIP = NO;
				DEBUG_INFORMATION_FORMAT = "dwarf-with-dsym";
				ENABLE_NS_ASSERTIONS = NO;
				ENABLE_STRICT_OBJC_MSGSEND = YES;
				ENABLE_USER_SCRIPT_SANDBOXING = YES;
				GCC_C_LANGUAGE_STANDARD = gnu17;
				GCC_NO_COMMON_BLOCKS = YES;
				GCC_WARN_64_TO_32_BIT_CONVERSION = YES;
				GCC_WARN_ABOUT_RETURN_TYPE = YES_ERROR;
				GCC_WARN_UNDECLARED_SELECTOR = YES;
				GCC_WARN_UNINITIALIZED_AUTOS = YES_AGGRESSIVE;
				GCC_WARN_UNUSED_FUNCTION = YES;
				GCC_WARN_UNUSED_VARIABLE = YES;
				IPHONEOS_DEPLOYMENT_TARGET = 18.0;
				LOCALIZATION_PREFERS_STRING_CATALOGS = YES;
				MTL_ENABLE_DEBUG_INFO = NO;
				MTL_FAST_MATH = YES;
				SDKROOT = iphoneos;
				SWIFT_COMPILATION_MODE = wholemodule;
				VALIDATE_PRODUCT = YES;
			};
			name = Release;
		};
		F12AAD322C70CE6B004027B8 /* Debug */ = {
			isa = XCBuildConfiguration;
			buildSettings = {
				ASSETCATALOG_COMPILER_APPICON_NAME = AppIcon;
				ASSETCATALOG_COMPILER_GLOBAL_ACCENT_COLOR_NAME = AccentColor;
				CODE_SIGN_STYLE = Automatic;
				CURRENT_PROJECT_VERSION = 1;
				DEVELOPMENT_ASSET_PATHS = "\"Gatinhos/Preview Content\"";
				DEVELOPMENT_TEAM = V22GGMFP4S;
				ENABLE_PREVIEWS = YES;
				GENERATE_INFOPLIST_FILE = YES;
				INFOPLIST_KEY_UIApplicationSceneManifest_Generation = YES;
				INFOPLIST_KEY_UIApplicationSupportsIndirectInputEvents = YES;
				INFOPLIST_KEY_UILaunchScreen_Generation = YES;
				INFOPLIST_KEY_UISupportedInterfaceOrientations_iPad = "UIInterfaceOrientationPortrait UIInterfaceOrientationPortraitUpsideDown UIInterfaceOrientationLandscapeLeft UIInterfaceOrientationLandscapeRight";
				INFOPLIST_KEY_UISupportedInterfaceOrientations_iPhone = "UIInterfaceOrientationPortrait UIInterfaceOrientationLandscapeLeft UIInterfaceOrientationLandscapeRight";
				LD_RUNPATH_SEARCH_PATHS = (
					"$(inherited)",
					"@executable_path/Frameworks",
				);
				MARKETING_VERSION = 1.0;
				PRODUCT_BUNDLE_IDENTIFIER = com.lapa.Gatinhos;
				PRODUCT_NAME = "$(TARGET_NAME)";
				SWIFT_EMIT_LOC_STRINGS = YES;
				SWIFT_VERSION = 5.0;
				TARGETED_DEVICE_FAMILY = "1,2";
			};
			name = Debug;
		};
		F12AAD332C70CE6B004027B8 /* Release */ = {
			isa = XCBuildConfiguration;
			buildSettings = {
				ASSETCATALOG_COMPILER_APPICON_NAME = AppIcon;
				ASSETCATALOG_COMPILER_GLOBAL_ACCENT_COLOR_NAME = AccentColor;
				CODE_SIGN_STYLE = Automatic;
				CURRENT_PROJECT_VERSION = 1;
				DEVELOPMENT_ASSET_PATHS = "\"Gatinhos/Preview Content\"";
				DEVELOPMENT_TEAM = V22GGMFP4S;
				ENABLE_PREVIEWS = YES;
				GENERATE_INFOPLIST_FILE = YES;
				INFOPLIST_KEY_UIApplicationSceneManifest_Generation = YES;
				INFOPLIST_KEY_UIApplicationSupportsIndirectInputEvents = YES;
				INFOPLIST_KEY_UILaunchScreen_Generation = YES;
				INFOPLIST_KEY_UISupportedInterfaceOrientations_iPad = "UIInterfaceOrientationPortrait UIInterfaceOrientationPortraitUpsideDown UIInterfaceOrientationLandscapeLeft UIInterfaceOrientationLandscapeRight";
				INFOPLIST_KEY_UISupportedInterfaceOrientations_iPhone = "UIInterfaceOrientationPortrait UIInterfaceOrientationLandscapeLeft UIInterfaceOrientationLandscapeRight";
				LD_RUNPATH_SEARCH_PATHS = (
					"$(inherited)",
					"@executable_path/Frameworks",
				);
				MARKETING_VERSION = 1.0;
				PRODUCT_BUNDLE_IDENTIFIER = com.lapa.Gatinhos;
				PRODUCT_NAME = "$(TARGET_NAME)";
				SWIFT_EMIT_LOC_STRINGS = YES;
				SWIFT_VERSION = 5.0;
				TARGETED_DEVICE_FAMILY = "1,2";
			};
			name = Release;
		};
		F12AAD352C70CE6B004027B8 /* Debug */ = {
			isa = XCBuildConfiguration;
			buildSettings = {
				BUNDLE_LOADER = "$(TEST_HOST)";
				CODE_SIGN_STYLE = Automatic;
				CURRENT_PROJECT_VERSION = 1;
				DEVELOPMENT_TEAM = V22GGMFP4S;
				GENERATE_INFOPLIST_FILE = YES;
				IPHONEOS_DEPLOYMENT_TARGET = 18.0;
				MARKETING_VERSION = 1.0;
				PRODUCT_BUNDLE_IDENTIFIER = com.lapa.GatinhosTests;
				PRODUCT_NAME = "$(TARGET_NAME)";
				SWIFT_EMIT_LOC_STRINGS = NO;
				SWIFT_VERSION = 5.0;
				TARGETED_DEVICE_FAMILY = "1,2";
				TEST_HOST = "$(BUILT_PRODUCTS_DIR)/Gatinhos.app/$(BUNDLE_EXECUTABLE_FOLDER_PATH)/Gatinhos";
			};
			name = Debug;
		};
		F12AAD362C70CE6B004027B8 /* Release */ = {
			isa = XCBuildConfiguration;
			buildSettings = {
				BUNDLE_LOADER = "$(TEST_HOST)";
				CODE_SIGN_STYLE = Automatic;
				CURRENT_PROJECT_VERSION = 1;
				DEVELOPMENT_TEAM = V22GGMFP4S;
				GENERATE_INFOPLIST_FILE = YES;
				IPHONEOS_DEPLOYMENT_TARGET = 18.0;
				MARKETING_VERSION = 1.0;
				PRODUCT_BUNDLE_IDENTIFIER = com.lapa.GatinhosTests;
				PRODUCT_NAME = "$(TARGET_NAME)";
				SWIFT_EMIT_LOC_STRINGS = NO;
				SWIFT_VERSION = 5.0;
				TARGETED_DEVICE_FAMILY = "1,2";
				TEST_HOST = "$(BUILT_PRODUCTS_DIR)/Gatinhos.app/$(BUNDLE_EXECUTABLE_FOLDER_PATH)/Gatinhos";
			};
			name = Release;
		};
		F12AAD382C70CE6B004027B8 /* Debug */ = {
			isa = XCBuildConfiguration;
			buildSettings = {
				CODE_SIGN_STYLE = Automatic;
				CURRENT_PROJECT_VERSION = 1;
				DEVELOPMENT_TEAM = V22GGMFP4S;
				GENERATE_INFOPLIST_FILE = YES;
				MARKETING_VERSION = 1.0;
				PRODUCT_BUNDLE_IDENTIFIER = com.lapa.GatinhosUITests;
				PRODUCT_NAME = "$(TARGET_NAME)";
				SWIFT_EMIT_LOC_STRINGS = NO;
				SWIFT_VERSION = 5.0;
				TARGETED_DEVICE_FAMILY = "1,2";
				TEST_TARGET_NAME = Gatinhos;
			};
			name = Debug;
		};
		F12AAD392C70CE6B004027B8 /* Release */ = {
			isa = XCBuildConfiguration;
			buildSettings = {
				CODE_SIGN_STYLE = Automatic;
				CURRENT_PROJECT_VERSION = 1;
				DEVELOPMENT_TEAM = V22GGMFP4S;
				GENERATE_INFOPLIST_FILE = YES;
				MARKETING_VERSION = 1.0;
				PRODUCT_BUNDLE_IDENTIFIER = com.lapa.GatinhosUITests;
				PRODUCT_NAME = "$(TARGET_NAME)";
				SWIFT_EMIT_LOC_STRINGS = NO;
				SWIFT_VERSION = 5.0;
				TARGETED_DEVICE_FAMILY = "1,2";
				TEST_TARGET_NAME = Gatinhos;
			};
			name = Release;
		};
/* End XCBuildConfiguration section */

/* Begin XCConfigurationList section */
		F12AAD032C70CE68004027B8 /* Build configuration list for PBXProject "Gatinhos" */ = {
			isa = XCConfigurationList;
			buildConfigurations = (
				F12AAD2F2C70CE6B004027B8 /* Debug */,
				F12AAD302C70CE6B004027B8 /* Release */,
			);
			defaultConfigurationIsVisible = 0;
			defaultConfigurationName = Release;
		};
		F12AAD312C70CE6B004027B8 /* Build configuration list for PBXNativeTarget "Gatinhos" */ = {
			isa = XCConfigurationList;
			buildConfigurations = (
				F12AAD322C70CE6B004027B8 /* Debug */,
				F12AAD332C70CE6B004027B8 /* Release */,
			);
			defaultConfigurationIsVisible = 0;
			defaultConfigurationName = Release;
		};
		F12AAD342C70CE6B004027B8 /* Build configuration list for PBXNativeTarget "GatinhosTests" */ = {
			isa = XCConfigurationList;
			buildConfigurations = (
				F12AAD352C70CE6B004027B8 /* Debug */,
				F12AAD362C70CE6B004027B8 /* Release */,
			);
			defaultConfigurationIsVisible = 0;
			defaultConfigurationName = Release;
		};
		F12AAD372C70CE6B004027B8 /* Build configuration list for PBXNativeTarget "GatinhosUITests" */ = {
			isa = XCConfigurationList;
			buildConfigurations = (
				F12AAD382C70CE6B004027B8 /* Debug */,
				F12AAD392C70CE6B004027B8 /* Release */,
			);
			defaultConfigurationIsVisible = 0;
			defaultConfigurationName = Release;
		};
/* End XCConfigurationList section */
	};
	rootObject = F12AAD002C70CE68004027B8 /* Project object */;
}
